# THIS IS AN AUTOGENERATED FILE. DO NOT EDIT THIS FILE DIRECTLY.
# yarn lockfile v1


html-entities@^1.1.3, html-entities@^1.3.1:
  version "1.3.1"
  resolved "https://registry.yarnpkg.com/html-entities/-/html-entities-1.3.1.tgz#fb9a1a4b5b14c5daba82d3e34c6ae4fe701a0e44"
  integrity sha512-rhE/4Z3hIhzHAUKbW8jVcCyuT5oJCXXqhN/6mXXVCpzTmvJnoH2HL/bt3EZ6p55jbFJBeAe1ZNpL5BugLujxNA==

m3u8stream@^0.6.3:
  version "0.6.5"
  resolved "https://registry.yarnpkg.com/m3u8stream/-/m3u8stream-0.6.5.tgz#a41713cb7144f8fe1eb944d32a8848be8cb2c951"
  integrity sha512-QZCzhcfUliZfsOboi68QkNcMejPKTEhxE+s1TApvHubDeR8ythm4ViWuYFqgUwZeoHe8q0nsPxOvA3lQvdSzyg==
  dependencies:
    miniget "^1.6.1"
    sax "^1.2.4"

miniget@^1.6.1, miniget@^1.7.0:
  version "1.7.0"
  resolved "https://registry.yarnpkg.com/miniget/-/miniget-1.7.0.tgz#a29eb79ebff479e9efafd271616981c603987875"
  integrity sha512-yrgaDSMRzrfYTkudB4Y6xK8pCb7oAH2bvfv6iPY2m6CedZfs9yK4b/ofh0Vzv08hCYXH/HHkoS8an6fkWtOAQA==

minimist@^1.2.5:
  version "1.2.5"
  resolved "https://registry.yarnpkg.com/minimist/-/minimist-1.2.5.tgz#67d66014b66a6a8aaa0c083c5fd58df4e4e97602"
  integrity sha512-FM9nNUYrRBAELZQT3xeZQ7fmMOBg6nWNmJKTcgsJeaLstP/UODVpGsr5OhXhhXg6f+qtJ8uiZ+PUxkDWcgIXLw==

sax@^1.1.3, sax@^1.2.4:
  version "1.2.4"
  resolved "https://registry.yarnpkg.com/sax/-/sax-1.2.4.tgz#2816234e2378bddc4e5354fab5caa895df7100d9"
  integrity sha512-NqVDv9TpANUjFm0N8uM5GxL36UgKi9/atZw+x7YFnQ8ckwFGKrl4xX4yWtrey3UJm5nP1kUbnYgLopqWNSRhWw==

ytdl-core@^2.1.2:
  version "2.1.2"
  resolved "https://registry.yarnpkg.com/ytdl-core/-/ytdl-core-2.1.2.tgz#64003e5ac1907df3e92cf36771224811bd81698f"
  integrity sha512-/tOT9Pka6nX+LuvzNLBU8AbVHe8XELn3aZ69mvCxzvwO/ty9k8cRvF6jXqti7l5M+0hf+UPpP9jYPSAFAuoBUA==
  dependencies:
    html-entities "^1.3.1"
    m3u8stream "^0.6.3"
    miniget "^1.7.0"
    sax "^1.1.3"

ytpl@^0.1.21:
  version "0.1.21"
  resolved "https://registry.yarnpkg.com/ytpl/-/ytpl-0.1.21.tgz#1400c82de872648008db53f8d440d1d4babd2342"
  integrity sha512-TT8t4eSqkjP8Pvlxl7wgQ6MCCEEdMgJ8rS1gOdkW7GM7A7tuXmsxNK+VSt7HjKVH/iJ5f0S3AfOYczZdx2WExw==
  dependencies:
    html-entities "^1.1.3"

ytsr@^0.1.13:
  version "0.1.13"
  resolved "https://registry.yarnpkg.com/ytsr/-/ytsr-0.1.13.tgz#810e7c00b9a21958364a312565c574a606a36f81"
  integrity sha512-cZKwLlVkWo/K03/z8acGoRupzHjkTsl/ohrZtFjNjjKu0/x012YMvmoLd5XPhj0H8YQ6RskMkx3ikIXEhshhsg==
  dependencies:
    html-entities "^1.1.3"
