# THIS IS AN AUTOGENERATED FILE. DO NOT EDIT THIS FILE DIRECTLY.
# yarn lockfile v1


html-entities@^1.1.3:
  version "1.2.1"
  resolved "https://registry.yarnpkg.com/html-entities/-/html-entities-1.2.1.tgz#0df29351f0721163515dfb9e5543e5f6eed5162f"
  integrity sha1-DfKTUfByEWNRXfueVUPl9u7VFi8=

m3u8stream@^0.6.3:
  version "0.6.3"
  resolved "https://registry.yarnpkg.com/m3u8stream/-/m3u8stream-0.6.3.tgz#f3dc8c25a96a68640903cab47450b6a5ac36e585"
  integrity sha512-HNUco8ef9kOvMRH7tYxJqbk9IuRA+AuZG8a/dQwqI+jfuEs1/DUaPbfTIlUDB4JmTZNkTOZHvZI5TvnQGR8nKA==
  dependencies:
    miniget "^1.6.1"
    sax "^1.2.4"

miniget@^1.6.0, miniget@^1.6.1:
  version "1.6.1"
  resolved "https://registry.yarnpkg.com/miniget/-/miniget-1.6.1.tgz#f1ae08a34e06a2b1c3ace568384ea0def2fe5813"
  integrity sha512-I5oBwZmcaOuJrjQn7lpS29HM+aAZDbzKbX5ouxVyhFYdg6fA6YKOTwOCgzZQwlHuMek3FlCxz6eNrd4pOXbwOA==

minimist@^1.2.0:
  version "1.2.0"
  resolved "https://registry.yarnpkg.com/minimist/-/minimist-1.2.0.tgz#a35008b20f41383eec1fb914f4cd5df79a264284"
  integrity sha1-o1AIsg9BOD7sH7kU9M1d95omQoQ=

sax@^1.1.3, sax@^1.2.4:
  version "1.2.4"
  resolved "https://registry.yarnpkg.com/sax/-/sax-1.2.4.tgz#2816234e2378bddc4e5354fab5caa895df7100d9"
  integrity sha512-NqVDv9TpANUjFm0N8uM5GxL36UgKi9/atZw+x7YFnQ8ckwFGKrl4xX4yWtrey3UJm5nP1kUbnYgLopqWNSRhWw==

ytdl-core@^1.0.3:
  version "1.0.3"
  resolved "https://registry.yarnpkg.com/ytdl-core/-/ytdl-core-1.0.3.tgz#8135565462c61204a596cfb4785f909b16783e8a"
  integrity sha512-sBOVokjrAigKTEn248MJ+JpS5ifay/vBzYGMDeZhG61xmgthev6yHXBgEgm+M8ySDQXXVjOTmUtY3GHbX988KA==
  dependencies:
    html-entities "^1.1.3"
    m3u8stream "^0.6.3"
    miniget "^1.6.0"
    sax "^1.1.3"

ytpl@lezsakdomi/node-ytpl:
  version "0.1.18"
  resolved "https://codeload.github.com/lezsakdomi/node-ytpl/tar.gz/915835a7088c05393062c1d18999af235be930c0"
  dependencies:
    html-entities "^1.1.3"

ytsr@^0.1.10:
  version "0.1.10"
  resolved "https://registry.yarnpkg.com/ytsr/-/ytsr-0.1.10.tgz#1ef8821e953290b24460825951ebe086bae382b9"
  integrity sha512-9wq0TiFejj6T5t9WXx/7Uw7Pix6vtXq3nd7BbPvz3BwUjJ4rdW4maylj1/sW+AUaSNgZgVbVngH/Y1a7V1kzsA==
  dependencies:
    html-entities "^1.1.3"
